// !$*UTF8*$!
{
	archiveVersion = 1;
	classes = {
	};
	objectVersion = 50;
	objects = {

/* Begin PBXBuildFile section */
		248E62E020D8864E00D787C6 /* AppDelegate.m in Sources */ = {isa = PBXBuildFile; fileRef = 248E62DF20D8864E00D787C6 /* AppDelegate.m */; };
		248E62E320D8864E00D787C6 /* ViewController.m in Sources */ = {isa = PBXBuildFile; fileRef = 248E62E220D8864E00D787C6 /* ViewController.m */; };
		248E62E620D8864E00D787C6 /* Main.storyboard in Resources */ = {isa = PBXBuildFile; fileRef = 248E62E420D8864E00D787C6 /* Main.storyboard */; };
		248E62E820D8865100D787C6 /* Assets.xcassets in Resources */ = {isa = PBXBuildFile; fileRef = 248E62E720D8865100D787C6 /* Assets.xcassets */; };
		248E62EB20D8865100D787C6 /* LaunchScreen.storyboard in Resources */ = {isa = PBXBuildFile; fileRef = 248E62E920D8865100D787C6 /* LaunchScreen.storyboard */; };
		248E62EE20D8865100D787C6 /* main.m in Sources */ = {isa = PBXBuildFile; fileRef = 248E62ED20D8865100D787C6 /* main.m */; };
		248E62F820D8865100D787C6 /* ScrollViewTestTests.m in Sources */ = {isa = PBXBuildFile; fileRef = 248E62F720D8865100D787C6 /* ScrollViewTestTests.m */; };
		248E630320D8865100D787C6 /* ScrollViewTestUITests.m in Sources */ = {isa = PBXBuildFile; fileRef = 248E630220D8865100D787C6 /* ScrollViewTestUITests.m */; };
		248E631220D8A71800D787C6 /* ADView.m in Sources */ = {isa = PBXBuildFile; fileRef = 248E631120D8A71800D787C6 /* ADView.m */; };
/* End PBXBuildFile section */

/* Begin PBXContainerItemProxy section */
		248E62F420D8865100D787C6 /* PBXContainerItemProxy */ = {
			isa = PBXContainerItemProxy;
			containerPortal = 248E62D320D8864E00D787C6 /* Project object */;
			proxyType = 1;
			remoteGlobalIDString = 248E62DA20D8864E00D787C6;
			remoteInfo = ScrollViewTest;
		};
		248E62FF20D8865100D787C6 /* PBXContainerItemProxy */ = {
			isa = PBXContainerItemProxy;
			containerPortal = 248E62D320D8864E00D787C6 /* Project object */;
			proxyType = 1;
			remoteGlobalIDString = 248E62DA20D8864E00D787C6;
			remoteInfo = ScrollViewTest;
		};
/* End PBXContainerItemProxy section */

/* Begin PBXFileReference section */
		248E62DB20D8864E00D787C6 /* ScrollViewTest.app */ = {isa = PBXFileReference; explicitFileType = wrapper.application; includeInIndex = 0; path = ScrollViewTest.app; sourceTree = BUILT_PRODUCTS_DIR; };
		248E62DE20D8864E00D787C6 /* AppDelegate.h */ = {isa = PBXFileReference; lastKnownFileType = sourcecode.c.h; path = AppDelegate.h; sourceTree = "<group>"; };
		248E62DF20D8864E00D787C6 /* AppDelegate.m */ = {isa = PBXFileReference; lastKnownFileType = sourcecode.c.objc; path = AppDelegate.m; sourceTree = "<group>"; };
		248E62E120D8864E00D787C6 /* ViewController.h */ = {isa = PBXFileReference; lastKnownFileType = sourcecode.c.h; path = ViewController.h; sourceTree = "<group>"; };
		248E62E220D8864E00D787C6 /* ViewController.m */ = {isa = PBXFileReference; lastKnownFileType = sourcecode.c.objc; path = ViewController.m; sourceTree = "<group>"; };
		248E62E520D8864E00D787C6 /* Base */ = {isa = PBXFileReference; lastKnownFileType = file.storyboard; name = Base; path = Base.lproj/Main.storyboard; sourceTree = "<group>"; };
		248E62E720D8865100D787C6 /* Assets.xcassets */ = {isa = PBXFileReference; lastKnownFileType = folder.assetcatalog; path = Assets.xcassets; sourceTree = "<group>"; };
		248E62EA20D8865100D787C6 /* Base */ = {isa = PBXFileReference; lastKnownFileType = file.storyboard; name = Base; path = Base.lproj/LaunchScreen.storyboard; sourceTree = "<group>"; };
		248E62EC20D8865100D787C6 /* Info.plist */ = {isa = PBXFileReference; lastKnownFileType = text.plist.xml; path = Info.plist; sourceTree = "<group>"; };
		248E62ED20D8865100D787C6 /* main.m */ = {isa = PBXFileReference; lastKnownFileType = sourcecode.c.objc; path = main.m; sourceTree = "<group>"; };
		248E62F320D8865100D787C6 /* ScrollViewTestTests.xctest */ = {isa = PBXFileReference; explicitFileType = wrapper.cfbundle; includeInIndex = 0; path = ScrollViewTestTests.xctest; sourceTree = BUILT_PRODUCTS_DIR; };
		248E62F720D8865100D787C6 /* ScrollViewTestTests.m */ = {isa = PBXFileReference; lastKnownFileType = sourcecode.c.objc; path = ScrollViewTestTests.m; sourceTree = "<group>"; };
		248E62F920D8865100D787C6 /* Info.plist */ = {isa = PBXFileReference; lastKnownFileType = text.plist.xml; path = Info.plist; sourceTree = "<group>"; };
		248E62FE20D8865100D787C6 /* ScrollViewTestUITests.xctest */ = {isa = PBXFileReference; explicitFileType = wrapper.cfbundle; includeInIndex = 0; path = ScrollViewTestUITests.xctest; sourceTree = BUILT_PRODUCTS_DIR; };
		248E630220D8865100D787C6 /* ScrollViewTestUITests.m */ = {isa = PBXFileReference; lastKnownFileType = sourcecode.c.objc; path = ScrollViewTestUITests.m; sourceTree = "<group>"; };
		248E630420D8865100D787C6 /* Info.plist */ = {isa = PBXFileReference; lastKnownFileType = text.plist.xml; path = Info.plist; sourceTree = "<group>"; };
		248E631020D8A71800D787C6 /* ADView.h */ = {isa = PBXFileReference; lastKnownFileType = sourcecode.c.h; path = ADView.h; sourceTree = "<group>"; };
		248E631120D8A71800D787C6 /* ADView.m */ = {isa = PBXFileReference; lastKnownFileType = sourcecode.c.objc; path = ADView.m; sourceTree = "<group>"; };
		248E631320D8AAFD00D787C6 /* MTConfig.h */ = {isa = PBXFileReference; fileEncoding = 4; lastKnownFileType = sourcecode.c.h; path = MTConfig.h; sourceTree = "<group>"; };
/* End PBXFileReference section */

/* Begin PBXFrameworksBuildPhase section */
		248E62D820D8864E00D787C6 /* Frameworks */ = {
			isa = PBXFrameworksBuildPhase;
			buildActionMask = 2147483647;
			files = (
			);
			runOnlyForDeploymentPostprocessing = 0;
		};
		248E62F020D8865100D787C6 /* Frameworks */ = {
			isa = PBXFrameworksBuildPhase;
			buildActionMask = 2147483647;
			files = (
			);
			runOnlyForDeploymentPostprocessing = 0;
		};
		248E62FB20D8865100D787C6 /* Frameworks */ = {
			isa = PBXFrameworksBuildPhase;
			buildActionMask = 2147483647;
			files = (
			);
			runOnlyForDeploymentPostprocessing = 0;
		};
/* End PBXFrameworksBuildPhase section */

/* Begin PBXGroup section */
		248E62D220D8864E00D787C6 = {
			isa = PBXGroup;
			children = (
				248E62DD20D8864E00D787C6 /* ScrollViewTest */,
				248E62F620D8865100D787C6 /* ScrollViewTestTests */,
				248E630120D8865100D787C6 /* ScrollViewTestUITests */,
				248E62DC20D8864E00D787C6 /* Products */,
			);
			sourceTree = "<group>";
		};
		248E62DC20D8864E00D787C6 /* Products */ = {
			isa = PBXGroup;
			children = (
				248E62DB20D8864E00D787C6 /* ScrollViewTest.app */,
				248E62F320D8865100D787C6 /* ScrollViewTestTests.xctest */,
				248E62FE20D8865100D787C6 /* ScrollViewTestUITests.xctest */,
			);
			name = Products;
			sourceTree = "<group>";
		};
		248E62DD20D8864E00D787C6 /* ScrollViewTest */ = {
			isa = PBXGroup;
			children = (
				248E62DE20D8864E00D787C6 /* AppDelegate.h */,
				248E62DF20D8864E00D787C6 /* AppDelegate.m */,
				248E62E120D8864E00D787C6 /* ViewController.h */,
				248E62E220D8864E00D787C6 /* ViewController.m */,
				248E631020D8A71800D787C6 /* ADView.h */,
				248E631120D8A71800D787C6 /* ADView.m */,
				248E631320D8AAFD00D787C6 /* MTConfig.h */,
				248E62E420D8864E00D787C6 /* Main.storyboard */,
				248E62E720D8865100D787C6 /* Assets.xcassets */,
				248E62E920D8865100D787C6 /* LaunchScreen.storyboard */,
				248E62EC20D8865100D787C6 /* Info.plist */,
				248E62ED20D8865100D787C6 /* main.m */,
			);
			path = ScrollViewTest;
			sourceTree = "<group>";
		};
		248E62F620D8865100D787C6 /* ScrollViewTestTests */ = {
			isa = PBXGroup;
			children = (
				248E62F720D8865100D787C6 /* ScrollViewTestTests.m */,
				248E62F920D8865100D787C6 /* Info.plist */,
			);
			path = ScrollViewTestTests;
			sourceTree = "<group>";
		};
		248E630120D8865100D787C6 /* ScrollViewTestUITests */ = {
			isa = PBXGroup;
			children = (
				248E630220D8865100D787C6 /* ScrollViewTestUITests.m */,
				248E630420D8865100D787C6 /* Info.plist */,
			);
			path = ScrollViewTestUITests;
			sourceTree = "<group>";
		};
/* End PBXGroup section */

/* Begin PBXNativeTarget section */
		248E62DA20D8864E00D787C6 /* ScrollViewTest */ = {
			isa = PBXNativeTarget;
			buildConfigurationList = 248E630720D8865100D787C6 /* Build configuration list for PBXNativeTarget "ScrollViewTest" */;
			buildPhases = (
				248E62D720D8864E00D787C6 /* Sources */,
				248E62D820D8864E00D787C6 /* Frameworks */,
				248E62D920D8864E00D787C6 /* Resources */,
			);
			buildRules = (
			);
			dependencies = (
			);
			name = ScrollViewTest;
			productName = ScrollViewTest;
			productReference = 248E62DB20D8864E00D787C6 /* ScrollViewTest.app */;
			productType = "com.apple.product-type.application";
		};
		248E62F220D8865100D787C6 /* ScrollViewTestTests */ = {
			isa = PBXNativeTarget;
			buildConfigurationList = 248E630A20D8865100D787C6 /* Build configuration list for PBXNativeTarget "ScrollViewTestTests" */;
			buildPhases = (
				248E62EF20D8865100D787C6 /* Sources */,
				248E62F020D8865100D787C6 /* Frameworks */,
				248E62F120D8865100D787C6 /* Resources */,
			);
			buildRules = (
			);
			dependencies = (
				248E62F520D8865100D787C6 /* PBXTargetDependency */,
			);
			name = ScrollViewTestTests;
			productName = ScrollViewTestTests;
			productReference = 248E62F320D8865100D787C6 /* ScrollViewTestTests.xctest */;
			productType = "com.apple.product-type.bundle.unit-test";
		};
		248E62FD20D8865100D787C6 /* ScrollViewTestUITests */ = {
			isa = PBXNativeTarget;
			buildConfigurationList = 248E630D20D8865100D787C6 /* Build configuration list for PBXNativeTarget "ScrollViewTestUITests" */;
			buildPhases = (
				248E62FA20D8865100D787C6 /* Sources */,
				248E62FB20D8865100D787C6 /* Frameworks */,
				248E62FC20D8865100D787C6 /* Resources */,
			);
			buildRules = (
			);
			dependencies = (
				248E630020D8865100D787C6 /* PBXTargetDependency */,
			);
			name = ScrollViewTestUITests;
			productName = ScrollViewTestUITests;
			productReference = 248E62FE20D8865100D787C6 /* ScrollViewTestUITests.xctest */;
			productType = "com.apple.product-type.bundle.ui-testing";
		};
/* End PBXNativeTarget section */

/* Begin PBXProject section */
		248E62D320D8864E00D787C6 /* Project object */ = {
			isa = PBXProject;
			attributes = {
				LastUpgradeCheck = 0940;
				ORGANIZATIONNAME = "梁超";
				TargetAttributes = {
					248E62DA20D8864E00D787C6 = {
						CreatedOnToolsVersion = 9.4;
					};
					248E62F220D8865100D787C6 = {
						CreatedOnToolsVersion = 9.4;
						TestTargetID = 248E62DA20D8864E00D787C6;
					};
					248E62FD20D8865100D787C6 = {
						CreatedOnToolsVersion = 9.4;
						TestTargetID = 248E62DA20D8864E00D787C6;
					};
				};
			};
			buildConfigurationList = 248E62D620D8864E00D787C6 /* Build configuration list for PBXProject "ScrollViewTest" */;
			compatibilityVersion = "Xcode 9.3";
			developmentRegion = en;
			hasScannedForEncodings = 0;
			knownRegions = (
				en,
				Base,
			);
			mainGroup = 248E62D220D8864E00D787C6;
			productRefGroup = 248E62DC20D8864E00D787C6 /* Products */;
			projectDirPath = "";
			projectRoot = "";
			targets = (
				248E62DA20D8864E00D787C6 /* ScrollViewTest */,
				248E62F220D8865100D787C6 /* ScrollViewTestTests */,
				248E62FD20D8865100D787C6 /* ScrollViewTestUITests */,
			);
		};
/* End PBXProject section */

/* Begin PBXResourcesBuildPhase section */
		248E62D920D8864E00D787C6 /* Resources */ = {
			isa = PBXResourcesBuildPhase;
			buildActionMask = 2147483647;
			files = (
				248E62EB20D8865100D787C6 /* LaunchScreen.storyboard in Resources */,
				248E62E820D8865100D787C6 /* Assets.xcassets in Resources */,
				248E62E620D8864E00D787C6 /* Main.storyboard in Resources */,
			);
			runOnlyForDeploymentPostprocessing = 0;
		};
		248E62F120D8865100D787C6 /* Resources */ = {
			isa = PBXResourcesBuildPhase;
			buildActionMask = 2147483647;
			files = (
			);
			runOnlyForDeploymentPostprocessing = 0;
		};
		248E62FC20D8865100D787C6 /* Resources */ = {
			isa = PBXResourcesBuildPhase;
			buildActionMask = 2147483647;
			files = (
			);
			runOnlyForDeploymentPostprocessing = 0;
		};
/* End PBXResourcesBuildPhase section */

/* Begin PBXSourcesBuildPhase section */
		248E62D720D8864E00D787C6 /* Sources */ = {
			isa = PBXSourcesBuildPhase;
			buildActionMask = 2147483647;
			files = (
				248E62E320D8864E00D787C6 /* ViewController.m in Sources */,
				248E62EE20D8865100D787C6 /* main.m in Sources */,
				248E62E020D8864E00D787C6 /* AppDelegate.m in Sources */,
				248E631220D8A71800D787C6 /* ADView.m in Sources */,
			);
			runOnlyForDeploymentPostprocessing = 0;
		};
		248E62EF20D8865100D787C6 /* Sources */ = {
			isa = PBXSourcesBuildPhase;
			buildActionMask = 2147483647;
			files = (
				248E62F820D8865100D787C6 /* ScrollViewTestTests.m in Sources */,
			);
			runOnlyForDeploymentPostprocessing = 0;
		};
		248E62FA20D8865100D787C6 /* Sources */ = {
			isa = PBXSourcesBuildPhase;
			buildActionMask = 2147483647;
			files = (
				248E630320D8865100D787C6 /* ScrollViewTestUITests.m in Sources */,
			);
			runOnlyForDeploymentPostprocessing = 0;
		};
/* End PBXSourcesBuildPhase section */

/* Begin PBXTargetDependency section */
		248E62F520D8865100D787C6 /* PBXTargetDependency */ = {
			isa = PBXTargetDependency;
			target = 248E62DA20D8864E00D787C6 /* ScrollViewTest */;
			targetProxy = 248E62F420D8865100D787C6 /* PBXContainerItemProxy */;
		};
		248E630020D8865100D787C6 /* PBXTargetDependency */ = {
			isa = PBXTargetDependency;
			target = 248E62DA20D8864E00D787C6 /* ScrollViewTest */;
			targetProxy = 248E62FF20D8865100D787C6 /* PBXContainerItemProxy */;
		};
/* End PBXTargetDependency section */

/* Begin PBXVariantGroup section */
		248E62E420D8864E00D787C6 /* Main.storyboard */ = {
			isa = PBXVariantGroup;
			children = (
				248E62E520D8864E00D787C6 /* Base */,
			);
			name = Main.storyboard;
			sourceTree = "<group>";
		};
		248E62E920D8865100D787C6 /* LaunchScreen.storyboard */ = {
			isa = PBXVariantGroup;
			children = (
				248E62EA20D8865100D787C6 /* Base */,
			);
			name = LaunchScreen.storyboard;
			sourceTree = "<group>";
		};
/* End PBXVariantGroup section */

/* Begin XCBuildConfiguration section */
		248E630520D8865100D787C6 /* Debug */ = {
			isa = XCBuildConfiguration;
			buildSettings = {
				ALWAYS_SEARCH_USER_PATHS = NO;
				CLANG_ANALYZER_NONNULL = YES;
				CLANG_ANALYZER_NUMBER_OBJECT_CONVERSION = YES_AGGRESSIVE;
				CLANG_CXX_LANGUAGE_STANDARD = "gnu++14";
				CLANG_CXX_LIBRARY = "libc++";
				CLANG_ENABLE_MODULES = YES;
				CLANG_ENABLE_OBJC_ARC = YES;
				CLANG_ENABLE_OBJC_WEAK = YES;
				CLANG_WARN_BLOCK_CAPTURE_AUTORELEASING = YES;
				CLANG_WARN_BOOL_CONVERSION = YES;
				CLANG_WARN_COMMA = YES;
				CLANG_WARN_CONSTANT_CONVERSION = YES;
				CLANG_WARN_DEPRECATED_OBJC_IMPLEMENTATIONS = YES;
				CLANG_WARN_DIRECT_OBJC_ISA_USAGE = YES_ERROR;
				CLANG_WARN_DOCUMENTATION_COMMENTS = YES;
				CLANG_WARN_EMPTY_BODY = YES;
				CLANG_WARN_ENUM_CONVERSION = YES;
				CLANG_WARN_INFINITE_RECURSION = YES;
				CLANG_WARN_INT_CONVERSION = YES;
				CLANG_WARN_NON_LITERAL_NULL_CONVERSION = YES;
				CLANG_WARN_OBJC_IMPLICIT_RETAIN_SELF = YES;
				CLANG_WARN_OBJC_LITERAL_CONVERSION = YES;
				CLANG_WARN_OBJC_ROOT_CLASS = YES_ERROR;
				CLANG_WARN_RANGE_LOOP_ANALYSIS = YES;
				CLANG_WARN_STRICT_PROTOTYPES = YES;
				CLANG_WARN_SUSPICIOUS_MOVE = YES;
				CLANG_WARN_UNGUARDED_AVAILABILITY = YES_AGGRESSIVE;
				CLANG_WARN_UNREACHABLE_CODE = YES;
				CLANG_WARN__DUPLICATE_METHOD_MATCH = YES;
				CODE_SIGN_IDENTITY = "iPhone Developer";
				COPY_PHASE_STRIP = NO;
				DEBUG_INFORMATION_FORMAT = dwarf;
				ENABLE_STRICT_OBJC_MSGSEND = YES;
				ENABLE_TESTABILITY = YES;
				GCC_C_LANGUAGE_STANDARD = gnu11;
				GCC_DYNAMIC_NO_PIC = NO;
				GCC_NO_COMMON_BLOCKS = YES;
				GCC_OPTIMIZATION_LEVEL = 0;
				GCC_PREPROCESSOR_DEFINITIONS = (
					"DEBUG=1",
					"$(inherited)",
				);
				GCC_WARN_64_TO_32_BIT_CONVERSION = YES;
				GCC_WARN_ABOUT_RETURN_TYPE = YES_ERROR;
				GCC_WARN_UNDECLARED_SELECTOR = YES;
				GCC_WARN_UNINITIALIZED_AUTOS = YES_AGGRESSIVE;
				GCC_WARN_UNUSED_FUNCTION = YES;
				GCC_WARN_UNUSED_VARIABLE = YES;
				IPHONEOS_DEPLOYMENT_TARGET = 11.4;
				MTL_ENABLE_DEBUG_INFO = YES;
				ONLY_ACTIVE_ARCH = YES;
				SDKROOT = iphoneos;
			};
			name = Debug;
		};
		248E630620D8865100D787C6 /* Release */ = {
			isa = XCBuildConfiguration;
			buildSettings = {
				ALWAYS_SEARCH_USER_PATHS = NO;
				CLANG_ANALYZER_NONNULL = YES;
				CLANG_ANALYZER_NUMBER_OBJECT_CONVERSION = YES_AGGRESSIVE;
				CLANG_CXX_LANGUAGE_STANDARD = "gnu++14";
				CLANG_CXX_LIBRARY = "libc++";
				CLANG_ENABLE_MODULES = YES;
				CLANG_ENABLE_OBJC_ARC = YES;
				CLANG_ENABLE_OBJC_WEAK = YES;
				CLANG_WARN_BLOCK_CAPTURE_AUTORELEASING = YES;
				CLANG_WARN_BOOL_CONVERSION = YES;
				CLANG_WARN_COMMA = YES;
				CLANG_WARN_CONSTANT_CONVERSION = YES;
				CLANG_WARN_DEPRECATED_OBJC_IMPLEMENTATIONS = YES;
				CLANG_WARN_DIRECT_OBJC_ISA_USAGE = YES_ERROR;
				CLANG_WARN_DOCUMENTATION_COMMENTS = YES;
				CLANG_WARN_EMPTY_BODY = YES;
				CLANG_WARN_ENUM_CONVERSION = YES;
				CLANG_WARN_INFINITE_RECURSION = YES;
				CLANG_WARN_INT_CONVERSION = YES;
				CLANG_WARN_NON_LITERAL_NULL_CONVERSION = YES;
				CLANG_WARN_OBJC_IMPLICIT_RETAIN_SELF = YES;
				CLANG_WARN_OBJC_LITERAL_CONVERSION = YES;
				CLANG_WARN_OBJC_ROOT_CLASS = YES_ERROR;
				CLANG_WARN_RANGE_LOOP_ANALYSIS = YES;
				CLANG_WARN_STRICT_PROTOTYPES = YES;
				CLANG_WARN_SUSPICIOUS_MOVE = YES;
				CLANG_WARN_UNGUARDED_AVAILABILITY = YES_AGGRESSIVE;
				CLANG_WARN_UNREACHABLE_CODE = YES;
				CLANG_WARN__DUPLICATE_METHOD_MATCH = YES;
				CODE_SIGN_IDENTITY = "iPhone Developer";
				COPY_PHASE_STRIP = NO;
				DEBUG_INFORMATION_FORMAT = "dwarf-with-dsym";
				ENABLE_NS_ASSERTIONS = NO;
				ENABLE_STRICT_OBJC_MSGSEND = YES;
				GCC_C_LANGUAGE_STANDARD = gnu11;
				GCC_NO_COMMON_BLOCKS = YES;
				GCC_WARN_64_TO_32_BIT_CONVERSION = YES;
				GCC_WARN_ABOUT_RETURN_TYPE = YES_ERROR;
				GCC_WARN_UNDECLARED_SELECTOR = YES;
				GCC_WARN_UNINITIALIZED_AUTOS = YES_AGGRESSIVE;
				GCC_WARN_UNUSED_FUNCTION = YES;
				GCC_WARN_UNUSED_VARIABLE = YES;
				IPHONEOS_DEPLOYMENT_TARGET = 11.4;
				MTL_ENABLE_DEBUG_INFO = NO;
				SDKROOT = iphoneos;
				VALIDATE_PRODUCT = YES;
			};
			name = Release;
		};
		248E630820D8865100D787C6 /* Debug */ = {
			isa = XCBuildConfiguration;
			buildSettings = {
				ASSETCATALOG_COMPILER_APPICON_NAME = AppIcon;
				CODE_SIGN_STYLE = Automatic;
				DEVELOPMENT_TEAM = 7NXU73NWK7;
				INFOPLIST_FILE = ScrollViewTest/Info.plist;
				LD_RUNPATH_SEARCH_PATHS = (
					"$(inherited)",
					"@executable_path/Frameworks",
				);
				PRODUCT_BUNDLE_IDENTIFIER = lcTest.com.ScrollViewTest;
				PRODUCT_NAME = "$(TARGET_NAME)";
				TARGETED_DEVICE_FAMILY = "1,2";
			};
			name = Debug;
		};
		248E630920D8865100D787C6 /* Release */ = {
			isa = XCBuildConfiguration;
			buildSettings = {
				ASSETCATALOG_COMPILER_APPICON_NAME = AppIcon;
				CODE_SIGN_STYLE = Automatic;
				DEVELOPMENT_TEAM = 7NXU73NWK7;
				INFOPLIST_FILE = ScrollViewTest/Info.plist;
				LD_RUNPATH_SEARCH_PATHS = (
					"$(inherited)",
					"@executable_path/Frameworks",
				);
				PRODUCT_BUNDLE_IDENTIFIER = lcTest.com.ScrollViewTest;
				PRODUCT_NAME = "$(TARGET_NAME)";
				TARGETED_DEVICE_FAMILY = "1,2";
			};
			name = Release;
		};
		248E630B20D8865100D787C6 /* Debug */ = {
			isa = XCBuildConfiguration;
			buildSettings = {
				BUNDLE_LOADER = "$(TEST_HOST)";
				CODE_SIGN_STYLE = Automatic;
				INFOPLIST_FILE = ScrollViewTestTests/Info.plist;
				LD_RUNPATH_SEARCH_PATHS = (
					"$(inherited)",
					"@executable_path/Frameworks",
					"@loader_path/Frameworks",
				);
				PRODUCT_BUNDLE_IDENTIFIER = lcTest.com.ScrollViewTestTests;
				PRODUCT_NAME = "$(TARGET_NAME)";
				TARGETED_DEVICE_FAMILY = "1,2";
				TEST_HOST = "$(BUILT_PRODUCTS_DIR)/ScrollViewTest.app/ScrollViewTest";
			};
			name = Debug;
		};
		248E630C20D8865100D787C6 /* Release */ = {
			isa = XCBuildConfiguration;
			buildSettings = {
				BUNDLE_LOADER = "$(TEST_HOST)";
				CODE_SIGN_STYLE = Automatic;
				INFOPLIST_FILE = ScrollViewTestTests/Info.plist;
				LD_RUNPATH_SEARCH_PATHS = (
					"$(inherited)",
					"@executable_path/Frameworks",
					"@loader_path/Frameworks",
				);
				PRODUCT_BUNDLE_IDENTIFIER = lcTest.com.ScrollViewTestTests;
				PRODUCT_NAME = "$(TARGET_NAME)";
				TARGETED_DEVICE_FAMILY = "1,2";
				TEST_HOST = "$(BUILT_PRODUCTS_DIR)/ScrollViewTest.app/ScrollViewTest";
			};
			name = Release;
		};
		248E630E20D8865100D787C6 /* Debug */ = {
			isa = XCBuildConfiguration;
			buildSettings = {
				CODE_SIGN_STYLE = Automatic;
				INFOPLIST_FILE = ScrollViewTestUITests/Info.plist;
				LD_RUNPATH_SEARCH_PATHS = (
					"$(inherited)",
					"@executable_path/Frameworks",
					"@loader_path/Frameworks",
				);
				PRODUCT_BUNDLE_IDENTIFIER = lcTest.com.ScrollViewTestUITests;
				PRODUCT_NAME = "$(TARGET_NAME)";
				TARGETED_DEVICE_FAMILY = "1,2";
				TEST_TARGET_NAME = ScrollViewTest;
			};
			name = Debug;
		};
		248E630F20D8865100D787C6 /* Release */ = {
			isa = XCBuildConfiguration;
			buildSettings = {
				CODE_SIGN_STYLE = Automatic;
				INFOPLIST_FILE = ScrollViewTestUITests/Info.plist;
				LD_RUNPATH_SEARCH_PATHS = (
					"$(inherited)",
					"@executable_path/Frameworks",
					"@loader_path/Frameworks",
				);
				PRODUCT_BUNDLE_IDENTIFIER = lcTest.com.ScrollViewTestUITests;
				PRODUCT_NAME = "$(TARGET_NAME)";
				TARGETED_DEVICE_FAMILY = "1,2";
				TEST_TARGET_NAME = ScrollViewTest;
			};
			name = Release;
		};
/* End XCBuildConfiguration section */

/* Begin XCConfigurationList section */
		248E62D620D8864E00D787C6 /* Build configuration list for PBXProject "ScrollViewTest" */ = {
			isa = XCConfigurationList;
			buildConfigurations = (
				248E630520D8865100D787C6 /* Debug */,
				248E630620D8865100D787C6 /* Release */,
			);
			defaultConfigurationIsVisible = 0;
			defaultConfigurationName = Release;
		};
		248E630720D8865100D787C6 /* Build configuration list for PBXNativeTarget "ScrollViewTest" */ = {
			isa = XCConfigurationList;
			buildConfigurations = (
				248E630820D8865100D787C6 /* Debug */,
				248E630920D8865100D787C6 /* Release */,
			);
			defaultConfigurationIsVisible = 0;
			defaultConfigurationName = Release;
		};
		248E630A20D8865100D787C6 /* Build configuration list for PBXNativeTarget "ScrollViewTestTests" */ = {
			isa = XCConfigurationList;
			buildConfigurations = (
				248E630B20D8865100D787C6 /* Debug */,
				248E630C20D8865100D787C6 /* Release */,
			);
			defaultConfigurationIsVisible = 0;
			defaultConfigurationName = Release;
		};
		248E630D20D8865100D787C6 /* Build configuration list for PBXNativeTarget "ScrollViewTestUITests" */ = {
			isa = XCConfigurationList;
			buildConfigurations = (
				248E630E20D8865100D787C6 /* Debug */,
				248E630F20D8865100D787C6 /* Release */,
			);
			defaultConfigurationIsVisible = 0;
			defaultConfigurationName = Release;
		};
/* End XCConfigurationList section */
	};
	rootObject = 248E62D320D8864E00D787C6 /* Project object */;
}
